
Microsoft Visual Studio Solution File, Format Version 12.00
# Visual Studio Version 17
VisualStudioVersion = 17.4.33213.308
MinimumVisualStudioVersion = 10.0.40219.1
Project("{FAE04EC0-301F-11D3-BF4B-00C04F79EFBC}") = "Module16HW", "Module16HW\Module16HW.csproj", "{140A2061-9352-461A-A374-FC540765A52A}"
EndProject
Project("{FAE04EC0-301F-11D3-BF4B-00C04F79EFBC}") = "Module16HW.Tests", "Module16HW.Tests\Module16HW.Tests.csproj", "{49841FBD-188C-42D5-92FD-944E7F39569D}"
	ProjectSection(ProjectDependencies) = postProject
		{140A2061-9352-461A-A374-FC540765A52A} = {140A2061-9352-461A-A374-FC540765A52A}
	EndProjectSection
EndProject
Global
	GlobalSection(SolutionConfigurationPlatforms) = preSolution
		Debug|Any CPU = Debug|Any CPU
		Release|Any CPU = Release|Any CPU
	EndGlobalSection
	GlobalSection(ProjectConfigurationPlatforms) = postSolution
		{140A2061-9352-461A-A374-FC540765A52A}.Debug|Any CPU.ActiveCfg = Debug|Any CPU
		{140A2061-9352-461A-A374-FC540765A52A}.Debug|Any CPU.Build.0 = Debug|Any CPU
		{140A2061-9352-461A-A374-FC540765A52A}.Release|Any CPU.ActiveCfg = Release|Any CPU
		{140A2061-9352-461A-A374-FC540765A52A}.Release|Any CPU.Build.0 = Release|Any CPU
		{49841FBD-188C-42D5-92FD-944E7F39569D}.Debug|Any CPU.ActiveCfg = Debug|Any CPU
		{49841FBD-188C-42D5-92FD-944E7F39569D}.Debug|Any CPU.Build.0 = Debug|Any CPU
		{49841FBD-188C-42D5-92FD-944E7F39569D}.Release|Any CPU.ActiveCfg = Release|Any CPU
		{49841FBD-188C-42D5-92FD-944E7F39569D}.Release|Any CPU.Build.0 = Release|Any CPU
	EndGlobalSection
	GlobalSection(SolutionProperties) = preSolution
		HideSolutionNode = FALSE
	EndGlobalSection
	GlobalSection(ExtensibilityGlobals) = postSolution
		SolutionGuid = {62F132E0-9B28-491D-A2A6-7EAE9DC020AA}
	EndGlobalSection
EndGlobal
